// !$*UTF8*$!
{
	archiveVersion = 1;
	classes = {
	};
	objectVersion = 46;
	objects = {

/* Begin PBXBuildFile section */
		9382F09E1CA09E0000CFA8ED /* Message.cpp in Sources */ = {isa = PBXBuildFile; fileRef = 9382F0971CA09E0000CFA8ED /* Message.cpp */; };
		9382F09F1CA09E0000CFA8ED /* Packet.cpp in Sources */ = {isa = PBXBuildFile; fileRef = 9382F0991CA09E0000CFA8ED /* Packet.cpp */; };
		9382F0A01CA09E0000CFA8ED /* piServer.cpp in Sources */ = {isa = PBXBuildFile; fileRef = 9382F09B1CA09E0000CFA8ED /* piServer.cpp */; };
		9382F0A11CA09E0000CFA8ED /* Server.cpp in Sources */ = {isa = PBXBuildFile; fileRef = 9382F09C1CA09E0000CFA8ED /* Server.cpp */; };
/* End PBXBuildFile section */

/* Begin PBXCopyFilesBuildPhase section */
		9382F08B1CA09DEE00CFA8ED /* CopyFiles */ = {
			isa = PBXCopyFilesBuildPhase;
			buildActionMask = 2147483647;
			dstPath = /usr/share/man/man1/;
			dstSubfolderSpec = 0;
			files = (
			);
			runOnlyForDeploymentPostprocessing = 1;
		};
/* End PBXCopyFilesBuildPhase section */

/* Begin PBXFileReference section */
		9382F08D1CA09DEE00CFA8ED /* piServer */ = {isa = PBXFileReference; explicitFileType = "compiled.mach-o.executable"; includeInIndex = 0; path = piServer; sourceTree = BUILT_PRODUCTS_DIR; };
		9382F0971CA09E0000CFA8ED /* Message.cpp */ = {isa = PBXFileReference; fileEncoding = 4; lastKnownFileType = sourcecode.cpp.cpp; name = Message.cpp; path = ../../Message.cpp; sourceTree = "<group>"; };
		9382F0981CA09E0000CFA8ED /* Message.h */ = {isa = PBXFileReference; fileEncoding = 4; lastKnownFileType = sourcecode.c.h; name = Message.h; path = ../../Message.h; sourceTree = "<group>"; };
		9382F0991CA09E0000CFA8ED /* Packet.cpp */ = {isa = PBXFileReference; fileEncoding = 4; lastKnownFileType = sourcecode.cpp.cpp; name = Packet.cpp; path = ../../Packet.cpp; sourceTree = "<group>"; };
		9382F09A1CA09E0000CFA8ED /* Packet.h */ = {isa = PBXFileReference; fileEncoding = 4; lastKnownFileType = sourcecode.c.h; name = Packet.h; path = ../../Packet.h; sourceTree = "<group>"; };
		9382F09B1CA09E0000CFA8ED /* piServer.cpp */ = {isa = PBXFileReference; fileEncoding = 4; lastKnownFileType = sourcecode.cpp.cpp; name = piServer.cpp; path = ../../piServer.cpp; sourceTree = "<group>"; };
		9382F09C1CA09E0000CFA8ED /* Server.cpp */ = {isa = PBXFileReference; fileEncoding = 4; lastKnownFileType = sourcecode.cpp.cpp; name = Server.cpp; path = ../../Server.cpp; sourceTree = "<group>"; };
		9382F09D1CA09E0000CFA8ED /* Server.h */ = {isa = PBXFileReference; fileEncoding = 4; lastKnownFileType = sourcecode.c.h; name = Server.h; path = ../../Server.h; sourceTree = "<group>"; };
/* End PBXFileReference section */

/* Begin PBXFrameworksBuildPhase section */
		9382F08A1CA09DEE00CFA8ED /* Frameworks */ = {
			isa = PBXFrameworksBuildPhase;
			buildActionMask = 2147483647;
			files = (
			);
			runOnlyForDeploymentPostprocessing = 0;
		};
/* End PBXFrameworksBuildPhase section */

/* Begin PBXGroup section */
		9382F0841CA09DEE00CFA8ED = {
			isa = PBXGroup;
			children = (
				9382F08F1CA09DEE00CFA8ED /* piServer */,
				9382F08E1CA09DEE00CFA8ED /* Products */,
			);
			sourceTree = "<group>";
		};
		9382F08E1CA09DEE00CFA8ED /* Products */ = {
			isa = PBXGroup;
			children = (
				9382F08D1CA09DEE00CFA8ED /* piServer */,
			);
			name = Products;
			sourceTree = "<group>";
		};
		9382F08F1CA09DEE00CFA8ED /* piServer */ = {
			isa = PBXGroup;
			children = (
				9382F09B1CA09E0000CFA8ED /* piServer.cpp */,
				9382F09D1CA09E0000CFA8ED /* Server.h */,
				9382F09C1CA09E0000CFA8ED /* Server.cpp */,
				9382F0981CA09E0000CFA8ED /* Message.h */,
				9382F0971CA09E0000CFA8ED /* Message.cpp */,
				9382F09A1CA09E0000CFA8ED /* Packet.h */,
				9382F0991CA09E0000CFA8ED /* Packet.cpp */,
			);
			path = piServer;
			sourceTree = "<group>";
		};
/* End PBXGroup section */

/* Begin PBXNativeTarget section */
		9382F08C1CA09DEE00CFA8ED /* piServer */ = {
			isa = PBXNativeTarget;
			buildConfigurationList = 9382F0941CA09DEE00CFA8ED /* Build configuration list for PBXNativeTarget "piServer" */;
			buildPhases = (
				9382F0891CA09DEE00CFA8ED /* Sources */,
				9382F08A1CA09DEE00CFA8ED /* Frameworks */,
				9382F08B1CA09DEE00CFA8ED /* CopyFiles */,
			);
			buildRules = (
			);
			dependencies = (
			);
			name = piServer;
			productName = piServer;
			productReference = 9382F08D1CA09DEE00CFA8ED /* piServer */;
			productType = "com.apple.product-type.tool";
		};
/* End PBXNativeTarget section */

/* Begin PBXProject section */
		9382F0851CA09DEE00CFA8ED /* Project object */ = {
			isa = PBXProject;
			attributes = {
				LastUpgradeCheck = 0720;
				ORGANIZATIONNAME = "Aaron Crawfis";
				TargetAttributes = {
					9382F08C1CA09DEE00CFA8ED = {
						CreatedOnToolsVersion = 7.2.1;
					};
				};
			};
			buildConfigurationList = 9382F0881CA09DEE00CFA8ED /* Build configuration list for PBXProject "piServer" */;
			compatibilityVersion = "Xcode 3.2";
			developmentRegion = English;
			hasScannedForEncodings = 0;
			knownRegions = (
				en,
			);
			mainGroup = 9382F0841CA09DEE00CFA8ED;
			productRefGroup = 9382F08E1CA09DEE00CFA8ED /* Products */;
			projectDirPath = "";
			projectRoot = "";
			targets = (
				9382F08C1CA09DEE00CFA8ED /* piServer */,
			);
		};
/* End PBXProject section */

/* Begin PBXSourcesBuildPhase section */
		9382F0891CA09DEE00CFA8ED /* Sources */ = {
			isa = PBXSourcesBuildPhase;
			buildActionMask = 2147483647;
			files = (
				9382F0A01CA09E0000CFA8ED /* piServer.cpp in Sources */,
				9382F09E1CA09E0000CFA8ED /* Message.cpp in Sources */,
				9382F0A11CA09E0000CFA8ED /* Server.cpp in Sources */,
				9382F09F1CA09E0000CFA8ED /* Packet.cpp in Sources */,
			);
			runOnlyForDeploymentPostprocessing = 0;
		};
/* End PBXSourcesBuildPhase section */

/* Begin XCBuildConfiguration section */
		9382F0921CA09DEE00CFA8ED /* Debug */ = {
			isa = XCBuildConfiguration;
			buildSettings = {
				ALWAYS_SEARCH_USER_PATHS = NO;
				CLANG_CXX_LANGUAGE_STANDARD = "gnu++0x";
				CLANG_CXX_LIBRARY = "libc++";
				CLANG_ENABLE_MODULES = YES;
				CLANG_ENABLE_OBJC_ARC = YES;
				CLANG_WARN_BOOL_CONVERSION = YES;
				CLANG_WARN_CONSTANT_CONVERSION = YES;
				CLANG_WARN_DIRECT_OBJC_ISA_USAGE = YES_ERROR;
				CLANG_WARN_EMPTY_BODY = YES;
				CLANG_WARN_ENUM_CONVERSION = YES;
				CLANG_WARN_INT_CONVERSION = YES;
				CLANG_WARN_OBJC_ROOT_CLASS = YES_ERROR;
				CLANG_WARN_UNREACHABLE_CODE = YES;
				CLANG_WARN__DUPLICATE_METHOD_MATCH = YES;
				CODE_SIGN_IDENTITY = "-";
				COPY_PHASE_STRIP = NO;
				DEBUG_INFORMATION_FORMAT = dwarf;
				ENABLE_STRICT_OBJC_MSGSEND = YES;
				ENABLE_TESTABILITY = YES;
				GCC_C_LANGUAGE_STANDARD = gnu99;
				GCC_DYNAMIC_NO_PIC = NO;
				GCC_NO_COMMON_BLOCKS = YES;
				GCC_OPTIMIZATION_LEVEL = 0;
				GCC_PREPROCESSOR_DEFINITIONS = (
					"DEBUG=1",
					"$(inherited)",
				);
				GCC_WARN_64_TO_32_BIT_CONVERSION = YES;
				GCC_WARN_ABOUT_RETURN_TYPE = YES_ERROR;
				GCC_WARN_UNDECLARED_SELECTOR = YES;
				GCC_WARN_UNINITIALIZED_AUTOS = YES_AGGRESSIVE;
				GCC_WARN_UNUSED_FUNCTION = YES;
				GCC_WARN_UNUSED_VARIABLE = YES;
				MACOSX_DEPLOYMENT_TARGET = 10.11;
				MTL_ENABLE_DEBUG_INFO = YES;
				ONLY_ACTIVE_ARCH = YES;
				SDKROOT = macosx;
			};
			name = Debug;
		};
		9382F0931CA09DEE00CFA8ED /* Release */ = {
			isa = XCBuildConfiguration;
			buildSettings = {
				ALWAYS_SEARCH_USER_PATHS = NO;
				CLANG_CXX_LANGUAGE_STANDARD = "gnu++0x";
				CLANG_CXX_LIBRARY = "libc++";
				CLANG_ENABLE_MODULES = YES;
				CLANG_ENABLE_OBJC_ARC = YES;
				CLANG_WARN_BOOL_CONVERSION = YES;
				CLANG_WARN_CONSTANT_CONVERSION = YES;
				CLANG_WARN_DIRECT_OBJC_ISA_USAGE = YES_ERROR;
				CLANG_WARN_EMPTY_BODY = YES;
				CLANG_WARN_ENUM_CONVERSION = YES;
				CLANG_WARN_INT_CONVERSION = YES;
				CLANG_WARN_OBJC_ROOT_CLASS = YES_ERROR;
				CLANG_WARN_UNREACHABLE_CODE = YES;
				CLANG_WARN__DUPLICATE_METHOD_MATCH = YES;
				CODE_SIGN_IDENTITY = "-";
				COPY_PHASE_STRIP = NO;
				DEBUG_INFORMATION_FORMAT = "dwarf-with-dsym";
				ENABLE_NS_ASSERTIONS = NO;
				ENABLE_STRICT_OBJC_MSGSEND = YES;
				GCC_C_LANGUAGE_STANDARD = gnu99;
				GCC_NO_COMMON_BLOCKS = YES;
				GCC_WARN_64_TO_32_BIT_CONVERSION = YES;
				GCC_WARN_ABOUT_RETURN_TYPE = YES_ERROR;
				GCC_WARN_UNDECLARED_SELECTOR = YES;
				GCC_WARN_UNINITIALIZED_AUTOS = YES_AGGRESSIVE;
				GCC_WARN_UNUSED_FUNCTION = YES;
				GCC_WARN_UNUSED_VARIABLE = YES;
				MACOSX_DEPLOYMENT_TARGET = 10.11;
				MTL_ENABLE_DEBUG_INFO = NO;
				SDKROOT = macosx;
			};
			name = Release;
		};
		9382F0951CA09DEE00CFA8ED /* Debug */ = {
			isa = XCBuildConfiguration;
			buildSettings = {
				PRODUCT_NAME = "$(TARGET_NAME)";
			};
			name = Debug;
		};
		9382F0961CA09DEE00CFA8ED /* Release */ = {
			isa = XCBuildConfiguration;
			buildSettings = {
				PRODUCT_NAME = "$(TARGET_NAME)";
			};
			name = Release;
		};
/* End XCBuildConfiguration section */

/* Begin XCConfigurationList section */
		9382F0881CA09DEE00CFA8ED /* Build configuration list for PBXProject "piServer" */ = {
			isa = XCConfigurationList;
			buildConfigurations = (
				9382F0921CA09DEE00CFA8ED /* Debug */,
				9382F0931CA09DEE00CFA8ED /* Release */,
			);
			defaultConfigurationIsVisible = 0;
			defaultConfigurationName = Release;
		};
		9382F0941CA09DEE00CFA8ED /* Build configuration list for PBXNativeTarget "piServer" */ = {
			isa = XCConfigurationList;
			buildConfigurations = (
				9382F0951CA09DEE00CFA8ED /* Debug */,
				9382F0961CA09DEE00CFA8ED /* Release */,
			);
			defaultConfigurationIsVisible = 0;
		};
/* End XCConfigurationList section */
	};
	rootObject = 9382F0851CA09DEE00CFA8ED /* Project object */;
}
